{
  "name": "ake-production-optimizer",
  "lockfileVersion": 3,
  "requires": true,
  "packages": {
    "": {
      "name": "ake-production-optimizer",
      "devDependencies": {
        "highs": "^1.15.3"
      }
    },
    "node_modules/highs": {
      "version": "1.15.3",
      "resolved": "https://registry.npmjs.org/highs/-/highs-1.15.3.tgz",
      "integrity": "sha512-5rzjBlAkqRxr7FOv+iZjxF8nNfKsEt8uOaP3S6gls6yRf4+Jv4BqBIE3iPFsgfOHutQBMNxRE9jWhxRAM7Oycw==",
      "dev": true,
      "license": "MIT",
      "engines": {
        "node": ">=18"
      }
    }
  }
}
